
Microsoft Visual Studio Solution File, Format Version 12.00
# Visual Studio Version 17
VisualStudioVersion = 17.7.34031.279
MinimumVisualStudioVersion = 10.0.40219.1
Project("{FAE04EC0-301F-11D3-BF4B-00C04F79EFBC}") = "PM02E1_0141_0602.Android", "PM02E1_0141_0602.Android\PM02E1_0141_0602.Android.csproj", "{321DA176-E095-48D5-8ECD-310D45826DD8}"
EndProject
Project("{FAE04EC0-301F-11D3-BF4B-00C04F79EFBC}") = "PM02E1_0141_0602", "PM02E1_0141_0602\PM02E1_0141_0602.csproj", "{93BF0D5B-C4E7-4C95-BB62-F96A4F13B705}"
EndProject
Global
	GlobalSection(SolutionConfigurationPlatforms) = preSolution
		Debug|Any CPU = Debug|Any CPU
		Release|Any CPU = Release|Any CPU
	EndGlobalSection
	GlobalSection(ProjectConfigurationPlatforms) = postSolution
		{321DA176-E095-48D5-8ECD-310D45826DD8}.Debug|Any CPU.ActiveCfg = Debug|Any CPU
		{321DA176-E095-48D5-8ECD-310D45826DD8}.Debug|Any CPU.Build.0 = Debug|Any CPU
		{321DA176-E095-48D5-8ECD-310D45826DD8}.Debug|Any CPU.Deploy.0 = Debug|Any CPU
		{321DA176-E095-48D5-8ECD-310D45826DD8}.Release|Any CPU.ActiveCfg = Release|Any CPU
		{321DA176-E095-48D5-8ECD-310D45826DD8}.Release|Any CPU.Build.0 = Release|Any CPU
		{321DA176-E095-48D5-8ECD-310D45826DD8}.Release|Any CPU.Deploy.0 = Release|Any CPU
		{93BF0D5B-C4E7-4C95-BB62-F96A4F13B705}.Debug|Any CPU.ActiveCfg = Debug|Any CPU
		{93BF0D5B-C4E7-4C95-BB62-F96A4F13B705}.Debug|Any CPU.Build.0 = Debug|Any CPU
		{93BF0D5B-C4E7-4C95-BB62-F96A4F13B705}.Debug|Any CPU.Deploy.0 = Debug|Any CPU
		{93BF0D5B-C4E7-4C95-BB62-F96A4F13B705}.Release|Any CPU.ActiveCfg = Release|Any CPU
		{93BF0D5B-C4E7-4C95-BB62-F96A4F13B705}.Release|Any CPU.Build.0 = Release|Any CPU
		{93BF0D5B-C4E7-4C95-BB62-F96A4F13B705}.Release|Any CPU.Deploy.0 = Release|Any CPU
	EndGlobalSection
	GlobalSection(SolutionProperties) = preSolution
		HideSolutionNode = FALSE
	EndGlobalSection
	GlobalSection(ExtensibilityGlobals) = postSolution
		SolutionGuid = {9D54CB3E-FF34-46CF-A323-E7A3A1CDE2E5}
	EndGlobalSection
EndGlobal
